# This file is autogenerated, do not edit; changes may be undone by the next 'dep ensure'.


[[projects]]
  digest = "1:42cf657e9a38dbea61b503ec5bc2792abd5027e0395dcc7548a86090701a073a"
  name = "github.com/boombuler/barcode"
  packages = [
    ".",
    "aztec",
    "codabar",
    "code128",
    "code39",
    "datamatrix",
    "ean",
    "qr",
    "twooffive",
    "utils",
  ]
  pruneopts = "UT"
  revision = "3cfea5ab600ae37946be2b763b8ec2c1cf2d272d"
  version = "v1.0.0"

[[projects]]
  digest = "1:169c17fc74f48ff403c5b3de15c2905b4764ae42062d8b7346881558ca832245"
  name = "github.com/jung-kurt/gofpdf"
  packages = [
    ".",
    "contrib/barcode",
  ]
  pruneopts = "UT"
  revision = "8060f8371088d63b5935a6eeb617328705387ace"
  version = "v1.4.2"

[[projects]]
  branch = "master"
  digest = "1:5b064c863d2532deee1f1c8d25e7370db1090a8522717f35b552a8026434893e"
  name = "github.com/ruudk/golang-pdf417"
  packages = ["."]
  pruneopts = "UT"
  revision = "1af4ab5afa58c956c53ed723dee66437498b9415"

[solve-meta]
  analyzer-name = "dep"
  analyzer-version = 1
  input-imports = [
    "github.com/jung-kurt/gofpdf",
    "github.com/jung-kurt/gofpdf/contrib/barcode",
  ]
  solver-name = "gps-cdcl"
  solver-version = 1
